
Microsoft Visual Studio Solution File, Format Version 12.00
# Visual Studio Version 16
VisualStudioVersion = 16.0.32630.194
MinimumVisualStudioVersion = 10.0.40219.1
Project("{FAE04EC0-301F-11D3-BF4B-00C04F79EFBC}") = "bytebank_ADM", "bytebank_ADM\bytebank_ADM.csproj", "{9EE8822A-34B5-4AF9-B670-651FB6343FF2}"
EndProject
Global
	GlobalSection(SolutionConfigurationPlatforms) = preSolution
		Debug|Any CPU = Debug|Any CPU
		Release|Any CPU = Release|Any CPU
	EndGlobalSection
	GlobalSection(ProjectConfigurationPlatforms) = postSolution
		{9EE8822A-34B5-4AF9-B670-651FB6343FF2}.Debug|Any CPU.ActiveCfg = Debug|Any CPU
		{9EE8822A-34B5-4AF9-B670-651FB6343FF2}.Debug|Any CPU.Build.0 = Debug|Any CPU
		{9EE8822A-34B5-4AF9-B670-651FB6343FF2}.Release|Any CPU.ActiveCfg = Release|Any CPU
		{9EE8822A-34B5-4AF9-B670-651FB6343FF2}.Release|Any CPU.Build.0 = Release|Any CPU
	EndGlobalSection
	GlobalSection(SolutionProperties) = preSolution
		HideSolutionNode = FALSE
	EndGlobalSection
	GlobalSection(ExtensibilityGlobals) = postSolution
		SolutionGuid = {C52943B6-43FF-4635-8B0D-B6D7C4299863}
	EndGlobalSection
EndGlobal
